{
  "name": "hexcraft",
  "version": "0.1.0",
  "lockfileVersion": 3,
  "requires": true,
  "packages": {
    "": {
      "name": "hexcraft",
      "version": "0.1.0",
      "dependencies": {
        "@tippy.js/react": "^3.1.1",
        "@vercel/analytics": "^1.4.1",
        "next": "^14.0.2",
        "posthog-js": "^1.217.4",
        "react": "^18.2.0",
        "react-dom": "^18.2.0"
      },
      "devDependencies": {
        "@types/node": "22.13.5",
        "@types/react": "19.0.10",
        "typescript": "5.7.3"
      }
    },
    "node_modules/@next/env": {
      "version": "14.0.2",
      "resolved": "https://registry.npmjs.org/@next/env/-/env-14.0.2.tgz",
      "integrity": "sha512-HAW1sljizEaduEOes/m84oUqeIDAUYBR1CDwu2tobNlNDFP3cSm9d6QsOsGeNlIppU1p/p1+bWbYCbvwjFiceA=="
    },
    "node_modules/@next/swc-darwin-arm64": {
      "version": "14.0.2",
      "resolved": "https://registry.npmjs.org/@next/swc-darwin-arm64/-/swc-darwin-arm64-14.0.2.tgz",
      "integrity": "sha512-i+jQY0fOb8L5gvGvojWyZMfQoQtDVB2kYe7fufOEiST6sicvzI2W5/EXo4lX5bLUjapHKe+nFxuVv7BA+Pd7LQ==",
      "cpu": [
        "arm64"
      ],
      "optional": true,
      "os": [
        "darwin"
      ],
      "engines": {
        "node": ">= 10"
      }
    },
    "node_modules/@next/swc-darwin-x64": {
      "version": "14.0.2",
      "resolved": "https://registry.npmjs.org/@next/swc-darwin-x64/-/swc-darwin-x64-14.0.2.tgz",
      "integrity": "sha512-zRCAO0d2hW6gBEa4wJaLn+gY8qtIqD3gYd9NjruuN98OCI6YyelmhWVVLlREjS7RYrm9OUQIp/iVJFeB6kP1hg==",
      "cpu": [
        "x64"
      ],
      "optional": true,
      "os": [
        "darwin"
      ],
      "engines": {
        "node": ">= 10"
      }
    },
    "node_modules/@next/swc-linux-arm64-gnu": {
      "version": "14.0.2",
      "resolved": "https://registry.npmjs.org/@next/swc-linux-arm64-gnu/-/swc-linux-arm64-gnu-14.0.2.tgz",
      "integrity": "sha512-tSJmiaon8YaKsVhi7GgRizZoV0N1Sx5+i+hFTrCKKQN7s3tuqW0Rov+RYdPhAv/pJl4qiG+XfSX4eJXqpNg3dA==",
      "cpu": [
        "arm64"
      ],
      "optional": true,
      "os": [
        "linux"
      ],
      "engines": {
        "node": ">= 10"
      }
    },
    "node_modules/@next/swc-linux-arm64-musl": {
      "version": "14.0.2",
      "resolved": "https://registry.npmjs.org/@next/swc-linux-arm64-musl/-/swc-linux-arm64-musl-14.0.2.tgz",
      "integrity": "sha512-dXJLMSEOwqJKcag1BeX1C+ekdPPJ9yXbWIt3nAadhbLx5CjACoB2NQj9Xcqu2tmdr5L6m34fR+fjGPs+ZVPLzA==",
      "cpu": [
        "arm64"
      ],
      "optional": true,
      "os": [
        "linux"
      ],
      "engines": {
        "node": ">= 10"
      }
    },
    "node_modules/@next/swc-linux-x64-gnu": {
      "version": "14.0.2",
      "resolved": "https://registry.npmjs.org/@next/swc-linux-x64-gnu/-/swc-linux-x64-gnu-14.0.2.tgz",
      "integrity": "sha512-WC9KAPSowj6as76P3vf1J3mf2QTm3Wv3FBzQi7UJ+dxWjK3MhHVWsWUo24AnmHx9qDcEtHM58okgZkXVqeLB+Q==",
      "cpu": [
        "x64"
      ],
      "optional": true,
      "os": [
        "linux"
      ],
      "engines": {
        "node": ">= 10"
      }
    },
    "node_modules/@next/swc-linux-x64-musl": {
      "version": "14.0.2",
      "resolved": "https://registry.npmjs.org/@next/swc-linux-x64-musl/-/swc-linux-x64-musl-14.0.2.tgz",
      "integrity": "sha512-KSSAwvUcjtdZY4zJFa2f5VNJIwuEVnOSlqYqbQIawREJA+gUI6egeiRu290pXioQXnQHYYdXmnVNZ4M+VMB7KQ==",
      "cpu": [
        "x64"
      ],
      "optional": true,
      "os": [
        "linux"
      ],
      "engines": {
        "node": ">= 10"
      }
    },
    "node_modules/@next/swc-win32-arm64-msvc": {
      "version": "14.0.2",
      "resolved": "https://registry.npmjs.org/@next/swc-win32-arm64-msvc/-/swc-win32-arm64-msvc-14.0.2.tgz",
      "integrity": "sha512-2/O0F1SqJ0bD3zqNuYge0ok7OEWCQwk55RPheDYD0va5ij7kYwrFkq5ycCRN0TLjLfxSF6xI5NM6nC5ux7svEQ==",
      "cpu": [
        "arm64"
      ],
      "optional": true,
      "os": [
        "win32"
      ],
      "engines": {
        "node": ">= 10"
      }
    },
    "node_modules/@next/swc-win32-ia32-msvc": {
      "version": "14.0.2",
      "resolved": "https://registry.npmjs.org/@next/swc-win32-ia32-msvc/-/swc-win32-ia32-msvc-14.0.2.tgz",
      "integrity": "sha512-vJI/x70Id0oN4Bq/R6byBqV1/NS5Dl31zC+lowO8SDu1fHmUxoAdILZR5X/sKbiJpuvKcCrwbYgJU8FF/Gh50Q==",
      "cpu": [
        "ia32"
      ],
      "optional": true,
      "os": [
        "win32"
      ],
      "engines": {
        "node": ">= 10"
      }
    },
    "node_modules/@next/swc-win32-x64-msvc": {
      "version": "14.0.2",
      "resolved": "https://registry.npmjs.org/@next/swc-win32-x64-msvc/-/swc-win32-x64-msvc-14.0.2.tgz",
      "integrity": "sha512-Ut4LXIUvC5m8pHTe2j0vq/YDnTEyq6RSR9vHYPqnELrDapPhLNz9Od/L5Ow3J8RNDWpEnfCiQXuVdfjlNEJ7ug==",
      "cpu": [
        "x64"
      ],
      "optional": true,
      "os": [
        "win32"
      ],
      "engines": {
        "node": ">= 10"
      }
    },
    "node_modules/@swc/helpers": {
      "version": "0.5.2",
      "resolved": "https://registry.npmjs.org/@swc/helpers/-/helpers-0.5.2.tgz",
      "integrity": "sha512-E4KcWTpoLHqwPHLxidpOqQbcrZVgi0rsmmZXUle1jXmJfuIf/UWpczUJ7MZZ5tlxytgJXyp0w4PGkkeLiuIdZw==",
      "dependencies": {
        "tslib": "^2.4.0"
      }
    },
    "node_modules/@tippy.js/react": {
      "version": "3.1.1",
      "resolved": "https://registry.npmjs.org/@tippy.js/react/-/react-3.1.1.tgz",
      "integrity": "sha512-KF45vW/jKh/nBXk/2zzTFslv/T46zOMkIoDJ56ymZ+M00yHttk58J5wZ29oqGqDIUnobWSZD+cFpbR4u/UUvgw==",
      "deprecated": "This package has moved to @tippyjs/react (the same but without a dot in the scoped organization) due to issues some shells had with the dot when installing the package.",
      "dependencies": {
        "prop-types": "^15.6.2",
        "tippy.js": "^5.1.1"
      },
      "peerDependencies": {
        "react": ">=16.8",
        "react-dom": ">=16.8"
      }
    },
    "node_modules/@types/node": {
      "version": "22.13.5",
      "resolved": "https://registry.npmjs.org/@types/node/-/node-22.13.5.tgz",
      "integrity": "sha512-+lTU0PxZXn0Dr1NBtC7Y8cR21AJr87dLLU953CWA6pMxxv/UDc7jYAY90upcrie1nRcD6XNG5HOYEDtgW5TxAg==",
      "dev": true,
      "license": "MIT",
      "dependencies": {
        "undici-types": "~6.20.0"
      }
    },
    "node_modules/@types/react": {
      "version": "19.0.10",
      "resolved": "https://registry.npmjs.org/@types/react/-/react-19.0.10.tgz",
      "integrity": "sha512-JuRQ9KXLEjaUNjTWpzuR231Z2WpIwczOkBEIvbHNCzQefFIT0L8IqE6NV6ULLyC1SI/i234JnDoMkfg+RjQj2g==",
      "dev": true,
      "license": "MIT",
      "dependencies": {
        "csstype": "^3.0.2"
      }
    },
    "node_modules/@vercel/analytics": {
      "version": "1.4.1",
      "resolved": "https://registry.npmjs.org/@vercel/analytics/-/analytics-1.4.1.tgz",
      "integrity": "sha512-ekpL4ReX2TH3LnrRZTUKjHHNpNy9S1I7QmS+g/RQXoSUQ8ienzosuX7T9djZ/s8zPhBx1mpHP/Rw5875N+zQIQ==",
      "license": "MPL-2.0",
      "peerDependencies": {
        "@remix-run/react": "^2",
        "@sveltejs/kit": "^1 || ^2",
        "next": ">= 13",
        "react": "^18 || ^19 || ^19.0.0-rc",
        "svelte": ">= 4",
        "vue": "^3",
        "vue-router": "^4"
      },
      "peerDependenciesMeta": {
        "@remix-run/react": {
          "optional": true
        },
        "@sveltejs/kit": {
          "optional": true
        },
        "next": {
          "optional": true
        },
        "react": {
          "optional": true
        },
        "svelte": {
          "optional": true
        },
        "vue": {
          "optional": true
        },
        "vue-router": {
          "optional": true
        }
      }
    },
    "node_modules/busboy": {
      "version": "1.6.0",
      "resolved": "https://registry.npmjs.org/busboy/-/busboy-1.6.0.tgz",
      "integrity": "sha512-8SFQbg/0hQ9xy3UNTB0YEnsNBbWfhf7RtnzpL7TkBiTBRfrQ9Fxcnz7VJsleJpyp6rVLvXiuORqjlHi5q+PYuA==",
      "dependencies": {
        "streamsearch": "^1.1.0"
      },
      "engines": {
        "node": ">=10.16.0"
      }
    },
    "node_modules/caniuse-lite": {
      "version": "1.0.30001561",
      "resolved": "https://registry.npmjs.org/caniuse-lite/-/caniuse-lite-1.0.30001561.tgz",
      "integrity": "sha512-NTt0DNoKe958Q0BE0j0c1V9jbUzhBxHIEJy7asmGrpE0yG63KTV7PLHPnK2E1O9RsQrQ081I3NLuXGS6zht3cw==",
      "funding": [
        {
          "type": "opencollective",
          "url": "https://opencollective.com/browserslist"
        },
        {
          "type": "tidelift",
          "url": "https://tidelift.com/funding/github/npm/caniuse-lite"
        },
        {
          "type": "github",
          "url": "https://github.com/sponsors/ai"
        }
      ]
    },
    "node_modules/client-only": {
      "version": "0.0.1",
      "resolved": "https://registry.npmjs.org/client-only/-/client-only-0.0.1.tgz",
      "integrity": "sha512-IV3Ou0jSMzZrd3pZ48nLkT9DA7Ag1pnPzaiQhpW7c3RbcqqzvzzVu+L8gfqMp/8IM2MQtSiqaCxrrcfu8I8rMA=="
    },
    "node_modules/core-js": {
      "version": "3.40.0",
      "resolved": "https://registry.npmjs.org/core-js/-/core-js-3.40.0.tgz",
      "integrity": "sha512-7vsMc/Lty6AGnn7uFpYT56QesI5D2Y/UkgKounk87OP9Z2H9Z8kj6jzcSGAxFmUtDOS0ntK6lbQz+Nsa0Jj6mQ==",
      "hasInstallScript": true,
      "license": "MIT",
      "funding": {
        "type": "opencollective",
        "url": "https://opencollective.com/core-js"
      }
    },
    "node_modules/csstype": {
      "version": "3.1.3",
      "resolved": "https://registry.npmjs.org/csstype/-/csstype-3.1.3.tgz",
      "integrity": "sha512-M1uQkMl8rQK/szD0LNhtqxIPLpimGm8sOBwU7lLnCpSbTyY3yeU1Vc7l4KT5zT4s/yOxHH5O7tIuuLOCnLADRw==",
      "dev": true,
      "license": "MIT"
    },
    "node_modules/fflate": {
      "version": "0.4.8",
      "resolved": "https://registry.npmjs.org/fflate/-/fflate-0.4.8.tgz",
      "integrity": "sha512-FJqqoDBR00Mdj9ppamLa/Y7vxm+PRmNWA67N846RvsoYVMKB4q3y/de5PA7gUmRMYK/8CMz2GDZQmCRN1wBcWA==",
      "license": "MIT"
    },
    "node_modules/glob-to-regexp": {
      "version": "0.4.1",
      "resolved": "https://registry.npmjs.org/glob-to-regexp/-/glob-to-regexp-0.4.1.tgz",
      "integrity": "sha512-lkX1HJXwyMcprw/5YUZc2s7DrpAiHB21/V+E1rHUrVNokkvB6bqMzT0VfV6/86ZNabt1k14YOIaT7nDvOX3Iiw=="
    },
    "node_modules/graceful-fs": {
      "version": "4.2.11",
      "resolved": "https://registry.npmjs.org/graceful-fs/-/graceful-fs-4.2.11.tgz",
      "integrity": "sha512-RbJ5/jmFcNNCcDV5o9eTnBLJ/HszWV0P73bc+Ff4nS/rJj+YaS6IGyiOL0VoBYX+l1Wrl3k63h/KrH+nhJ0XvQ=="
    },
    "node_modules/js-tokens": {
      "version": "4.0.0",
      "resolved": "https://registry.npmjs.org/js-tokens/-/js-tokens-4.0.0.tgz",
      "integrity": "sha512-RdJUflcE3cUzKiMqQgsCu06FPu9UdIJO0beYbPhHN4k6apgJtifcoCtT9bcxOpYBtpD2kCM6Sbzg4CausW/PKQ=="
    },
    "node_modules/loose-envify": {
      "version": "1.4.0",
      "resolved": "https://registry.npmjs.org/loose-envify/-/loose-envify-1.4.0.tgz",
      "integrity": "sha512-lyuxPGr/Wfhrlem2CL/UcnUc1zcqKAImBDzukY7Y5F/yQiNdko6+fRLevlw1HgMySw7f611UIY408EtxRSoK3Q==",
      "dependencies": {
        "js-tokens": "^3.0.0 || ^4.0.0"
      },
      "bin": {
        "loose-envify": "cli.js"
      }
    },
    "node_modules/nanoid": {
      "version": "3.3.7",
      "resolved": "https://registry.npmjs.org/nanoid/-/nanoid-3.3.7.tgz",
      "integrity": "sha512-eSRppjcPIatRIMC1U6UngP8XFcz8MQWGQdt1MTBQ7NaAmvXDfvNxbvWV3x2y6CdEUciCSsDHDQZbhYaB8QEo2g==",
      "funding": [
        {
          "type": "github",
          "url": "https://github.com/sponsors/ai"
        }
      ],
      "bin": {
        "nanoid": "bin/nanoid.cjs"
      },
      "engines": {
        "node": "^10 || ^12 || ^13.7 || ^14 || >=15.0.1"
      }
    },
    "node_modules/next": {
      "version": "14.0.2",
      "resolved": "https://registry.npmjs.org/next/-/next-14.0.2.tgz",
      "integrity": "sha512-jsAU2CkYS40GaQYOiLl9m93RTv2DA/tTJ0NRlmZIBIL87YwQ/xR8k796z7IqgM3jydI8G25dXvyYMC9VDIevIg==",
      "dependencies": {
        "@next/env": "14.0.2",
        "@swc/helpers": "0.5.2",
        "busboy": "1.6.0",
        "caniuse-lite": "^1.0.30001406",
        "postcss": "8.4.31",
        "styled-jsx": "5.1.1",
        "watchpack": "2.4.0"
      },
      "bin": {
        "next": "dist/bin/next"
      },
      "engines": {
        "node": ">=18.17.0"
      },
      "optionalDependencies": {
        "@next/swc-darwin-arm64": "14.0.2",
        "@next/swc-darwin-x64": "14.0.2",
        "@next/swc-linux-arm64-gnu": "14.0.2",
        "@next/swc-linux-arm64-musl": "14.0.2",
        "@next/swc-linux-x64-gnu": "14.0.2",
        "@next/swc-linux-x64-musl": "14.0.2",
        "@next/swc-win32-arm64-msvc": "14.0.2",
        "@next/swc-win32-ia32-msvc": "14.0.2",
        "@next/swc-win32-x64-msvc": "14.0.2"
      },
      "peerDependencies": {
        "@opentelemetry/api": "^1.1.0",
        "react": "^18.2.0",
        "react-dom": "^18.2.0",
        "sass": "^1.3.0"
      },
      "peerDependenciesMeta": {
        "@opentelemetry/api": {
          "optional": true
        },
        "sass": {
          "optional": true
        }
      }
    },
    "node_modules/object-assign": {
      "version": "4.1.1",
      "resolved": "https://registry.npmjs.org/object-assign/-/object-assign-4.1.1.tgz",
      "integrity": "sha512-rJgTQnkUnH1sFw8yT6VSU3zD3sWmu6sZhIseY8VX+GRu3P6F7Fu+JNDoXfklElbLJSnc3FUQHVe4cU5hj+BcUg==",
      "engines": {
        "node": ">=0.10.0"
      }
    },
    "node_modules/picocolors": {
      "version": "1.0.0",
      "resolved": "https://registry.npmjs.org/picocolors/-/picocolors-1.0.0.tgz",
      "integrity": "sha512-1fygroTLlHu66zi26VoTDv8yRgm0Fccecssto+MhsZ0D/DGW2sm8E8AjW7NU5VVTRt5GxbeZ5qBuJr+HyLYkjQ=="
    },
    "node_modules/popper.js": {
      "version": "1.16.1",
      "resolved": "https://registry.npmjs.org/popper.js/-/popper.js-1.16.1.tgz",
      "integrity": "sha512-Wb4p1J4zyFTbM+u6WuO4XstYx4Ky9Cewe4DWrel7B0w6VVICvPwdOpotjzcf6eD8TsckVnIMNONQyPIUFOUbCQ==",
      "deprecated": "You can find the new Popper v2 at @popperjs/core, this package is dedicated to the legacy v1",
      "funding": {
        "type": "opencollective",
        "url": "https://opencollective.com/popperjs"
      }
    },
    "node_modules/postcss": {
      "version": "8.4.31",
      "resolved": "https://registry.npmjs.org/postcss/-/postcss-8.4.31.tgz",
      "integrity": "sha512-PS08Iboia9mts/2ygV3eLpY5ghnUcfLV/EXTOW1E2qYxJKGGBUtNjN76FYHnMs36RmARn41bC0AZmn+rR0OVpQ==",
      "funding": [
        {
          "type": "opencollective",
          "url": "https://opencollective.com/postcss/"
        },
        {
          "type": "tidelift",
          "url": "https://tidelift.com/funding/github/npm/postcss"
        },
        {
          "type": "github",
          "url": "https://github.com/sponsors/ai"
        }
      ],
      "dependencies": {
        "nanoid": "^3.3.6",
        "picocolors": "^1.0.0",
        "source-map-js": "^1.0.2"
      },
      "engines": {
        "node": "^10 || ^12 || >=14"
      }
    },
    "node_modules/posthog-js": {
      "version": "1.217.4",
      "resolved": "https://registry.npmjs.org/posthog-js/-/posthog-js-1.217.4.tgz",
      "integrity": "sha512-ZIOb75F1pdMZl6e7C4mgH2accKArLA2RG3zMEjeils+3J/cylwgcr2Iw0QtzSLqQVvR7AFRRbXMZXUWsiB2zyA==",
      "license": "MIT",
      "dependencies": {
        "core-js": "^3.38.1",
        "fflate": "^0.4.8",
        "preact": "^10.19.3",
        "web-vitals": "^4.2.0"
      }
    },
    "node_modules/preact": {
      "version": "10.25.4",
      "resolved": "https://registry.npmjs.org/preact/-/preact-10.25.4.tgz",
      "integrity": "sha512-jLdZDb+Q+odkHJ+MpW/9U5cODzqnB+fy2EiHSZES7ldV5LK7yjlVzTp7R8Xy6W6y75kfK8iWYtFVH7lvjwrCMA==",
      "license": "MIT",
      "funding": {
        "type": "opencollective",
        "url": "https://opencollective.com/preact"
      }
    },
    "node_modules/prop-types": {
      "version": "15.8.1",
      "resolved": "https://registry.npmjs.org/prop-types/-/prop-types-15.8.1.tgz",
      "integrity": "sha512-oj87CgZICdulUohogVAR7AjlC0327U4el4L6eAvOqCeudMDVU0NThNaV+b9Df4dXgSP1gXMTnPdhfe/2qDH5cg==",
      "dependencies": {
        "loose-envify": "^1.4.0",
        "object-assign": "^4.1.1",
        "react-is": "^16.13.1"
      }
    },
    "node_modules/react": {
      "version": "18.2.0",
      "resolved": "https://registry.npmjs.org/react/-/react-18.2.0.tgz",
      "integrity": "sha512-/3IjMdb2L9QbBdWiW5e3P2/npwMBaU9mHCSCUzNln0ZCYbcfTsGbTJrU/kGemdH2IWmB2ioZ+zkxtmq6g09fGQ==",
      "dependencies": {
        "loose-envify": "^1.1.0"
      },
      "engines": {
        "node": ">=0.10.0"
      }
    },
    "node_modules/react-dom": {
      "version": "18.2.0",
      "resolved": "https://registry.npmjs.org/react-dom/-/react-dom-18.2.0.tgz",
      "integrity": "sha512-6IMTriUmvsjHUjNtEDudZfuDQUoWXVxKHhlEGSk81n4YFS+r/Kl99wXiwlVXtPBtJenozv2P+hxDsw9eA7Xo6g==",
      "dependencies": {
        "loose-envify": "^1.1.0",
        "scheduler": "^0.23.0"
      },
      "peerDependencies": {
        "react": "^18.2.0"
      }
    },
    "node_modules/react-is": {
      "version": "16.13.1",
      "resolved": "https://registry.npmjs.org/react-is/-/react-is-16.13.1.tgz",
      "integrity": "sha512-24e6ynE2H+OKt4kqsOvNd8kBpV65zoxbA4BVsEOB3ARVWQki/DHzaUoC5KuON/BiccDaCCTZBuOcfZs70kR8bQ=="
    },
    "node_modules/scheduler": {
      "version": "0.23.0",
      "resolved": "https://registry.npmjs.org/scheduler/-/scheduler-0.23.0.tgz",
      "integrity": "sha512-CtuThmgHNg7zIZWAXi3AsyIzA3n4xx7aNyjwC2VJldO2LMVDhFK+63xGqq6CsJH4rTAt6/M+N4GhZiDYPx9eUw==",
      "dependencies": {
        "loose-envify": "^1.1.0"
      }
    },
    "node_modules/source-map-js": {
      "version": "1.0.2",
      "resolved": "https://registry.npmjs.org/source-map-js/-/source-map-js-1.0.2.tgz",
      "integrity": "sha512-R0XvVJ9WusLiqTCEiGCmICCMplcCkIwwR11mOSD9CR5u+IXYdiseeEuXCVAjS54zqwkLcPNnmU4OeJ6tUrWhDw==",
      "engines": {
        "node": ">=0.10.0"
      }
    },
    "node_modules/streamsearch": {
      "version": "1.1.0",
      "resolved": "https://registry.npmjs.org/streamsearch/-/streamsearch-1.1.0.tgz",
      "integrity": "sha512-Mcc5wHehp9aXz1ax6bZUyY5afg9u2rv5cqQI3mRrYkGC8rW2hM02jWuwjtL++LS5qinSyhj2QfLyNsuc+VsExg==",
      "engines": {
        "node": ">=10.0.0"
      }
    },
    "node_modules/styled-jsx": {
      "version": "5.1.1",
      "resolved": "https://registry.npmjs.org/styled-jsx/-/styled-jsx-5.1.1.tgz",
      "integrity": "sha512-pW7uC1l4mBZ8ugbiZrcIsiIvVx1UmTfw7UkC3Um2tmfUq9Bhk8IiyEIPl6F8agHgjzku6j0xQEZbfA5uSgSaCw==",
      "dependencies": {
        "client-only": "0.0.1"
      },
      "engines": {
        "node": ">= 12.0.0"
      },
      "peerDependencies": {
        "react": ">= 16.8.0 || 17.x.x || ^18.0.0-0"
      },
      "peerDependenciesMeta": {
        "@babel/core": {
          "optional": true
        },
        "babel-plugin-macros": {
          "optional": true
        }
      }
    },
    "node_modules/tippy.js": {
      "version": "5.2.1",
      "resolved": "https://registry.npmjs.org/tippy.js/-/tippy.js-5.2.1.tgz",
      "integrity": "sha512-66UT6JRVn3dXNCORE+0UvUK3JZqV/VhLlU6HTDm3FmrweUUFUxUGvT8tUQ7ycMp+uhuLAwQw6dBabyC+iKf/MA==",
      "dependencies": {
        "popper.js": "^1.16.0"
      }
    },
    "node_modules/tslib": {
      "version": "2.6.2",
      "resolved": "https://registry.npmjs.org/tslib/-/tslib-2.6.2.tgz",
      "integrity": "sha512-AEYxH93jGFPn/a2iVAwW87VuUIkR1FVUKB77NwMF7nBTDkDrrT/Hpt/IrCJ0QXhW27jTBDcf5ZY7w6RiqTMw2Q=="
    },
    "node_modules/typescript": {
      "version": "5.7.3",
      "resolved": "https://registry.npmjs.org/typescript/-/typescript-5.7.3.tgz",
      "integrity": "sha512-84MVSjMEHP+FQRPy3pX9sTVV/INIex71s9TL2Gm5FG/WG1SqXeKyZ0k7/blY/4FdOzI12CBy1vGc4og/eus0fw==",
      "dev": true,
      "license": "Apache-2.0",
      "bin": {
        "tsc": "bin/tsc",
        "tsserver": "bin/tsserver"
      },
      "engines": {
        "node": ">=14.17"
      }
    },
    "node_modules/undici-types": {
      "version": "6.20.0",
      "resolved": "https://registry.npmjs.org/undici-types/-/undici-types-6.20.0.tgz",
      "integrity": "sha512-Ny6QZ2Nju20vw1SRHe3d9jVu6gJ+4e3+MMpqu7pqE5HT6WsTSlce++GQmK5UXS8mzV8DSYHrQH+Xrf2jVcuKNg==",
      "dev": true,
      "license": "MIT"
    },
    "node_modules/watchpack": {
      "version": "2.4.0",
      "resolved": "https://registry.npmjs.org/watchpack/-/watchpack-2.4.0.tgz",
      "integrity": "sha512-Lcvm7MGST/4fup+ifyKi2hjyIAwcdI4HRgtvTpIUxBRhB+RFtUh8XtDOxUfctVCnhVi+QQj49i91OyvzkJl6cg==",
      "dependencies": {
        "glob-to-regexp": "^0.4.1",
        "graceful-fs": "^4.1.2"
      },
      "engines": {
        "node": ">=10.13.0"
      }
    },
    "node_modules/web-vitals": {
      "version": "4.2.4",
      "resolved": "https://registry.npmjs.org/web-vitals/-/web-vitals-4.2.4.tgz",
      "integrity": "sha512-r4DIlprAGwJ7YM11VZp4R884m0Vmgr6EAKe3P+kO0PPj3Unqyvv59rczf6UiGcb9Z8QxZVcqKNwv/g0WNdWwsw==",
      "license": "Apache-2.0"
    }
  }
}
